// !$*UTF8*$!
{
	archiveVersion = 1;
	classes = {
	};
	objectVersion = 46;
	objects = {

/* Begin PBXBuildFile section */
		6531D9371A674E9900EFC001 /* AppDelegate.m in Sources */ = {isa = PBXBuildFile; fileRef = 6531D9361A674E9900EFC001 /* AppDelegate.m */; };
		6531D9391A674E9900EFC001 /* main.m in Sources */ = {isa = PBXBuildFile; fileRef = 6531D9381A674E9900EFC001 /* main.m */; };
		6531D93C1A674E9900EFC001 /* ViewController.m in Sources */ = {isa = PBXBuildFile; fileRef = 6531D93B1A674E9900EFC001 /* ViewController.m */; };
		6531D93E1A674E9900EFC001 /* Images.xcassets in Resources */ = {isa = PBXBuildFile; fileRef = 6531D93D1A674E9900EFC001 /* Images.xcassets */; };
		6531D9411A674E9900EFC001 /* Main.storyboard in Resources */ = {isa = PBXBuildFile; fileRef = 6531D93F1A674E9900EFC001 /* Main.storyboard */; };
		6531D94D1A674E9900EFC001 /* Uni_Zawgyi_ConverterTests.m in Sources */ = {isa = PBXBuildFile; fileRef = 6531D94C1A674E9900EFC001 /* Uni_Zawgyi_ConverterTests.m */; };
		659245501A67524100A2EE89 /* JavaScriptCore.framework in Frameworks */ = {isa = PBXBuildFile; fileRef = 6592454F1A67524100A2EE89 /* JavaScriptCore.framework */; };
		659245531A67542800A2EE89 /* mon3.ttf in Resources */ = {isa = PBXBuildFile; fileRef = 659245511A67542800A2EE89 /* mon3.ttf */; };
		659245541A67542800A2EE89 /* zawgyi.ttf in Resources */ = {isa = PBXBuildFile; fileRef = 659245521A67542800A2EE89 /* zawgyi.ttf */; };
		6597F27E1A68A79500B10A55 /* parabaik.m in Sources */ = {isa = PBXBuildFile; fileRef = 6597F27B1A68A79500B10A55 /* parabaik.m */; };
		6597F27F1A68A79500B10A55 /* uni512zg1.js in Resources */ = {isa = PBXBuildFile; fileRef = 6597F27C1A68A79500B10A55 /* uni512zg1.js */; };
		6597F2801A68A79500B10A55 /* zg12uni51.js in Resources */ = {isa = PBXBuildFile; fileRef = 6597F27D1A68A79500B10A55 /* zg12uni51.js */; };
/* End PBXBuildFile section */

/* Begin PBXContainerItemProxy section */
		6531D9471A674E9900EFC001 /* PBXContainerItemProxy */ = {
			isa = PBXContainerItemProxy;
			containerPortal = 6531D9281A674E9900EFC001 /* Project object */;
			proxyType = 1;
			remoteGlobalIDString = 6531D92F1A674E9900EFC001;
			remoteInfo = "Uni Zawgyi Converter";
		};
/* End PBXContainerItemProxy section */

/* Begin PBXFileReference section */
		6531D9301A674E9900EFC001 /* UniZg Converter.app */ = {isa = PBXFileReference; explicitFileType = wrapper.application; includeInIndex = 0; path = "UniZg Converter.app"; sourceTree = BUILT_PRODUCTS_DIR; };
		6531D9341A674E9900EFC001 /* Info.plist */ = {isa = PBXFileReference; lastKnownFileType = text.plist.xml; path = Info.plist; sourceTree = "<group>"; };
		6531D9351A674E9900EFC001 /* AppDelegate.h */ = {isa = PBXFileReference; lastKnownFileType = sourcecode.c.h; path = AppDelegate.h; sourceTree = "<group>"; };
		6531D9361A674E9900EFC001 /* AppDelegate.m */ = {isa = PBXFileReference; lastKnownFileType = sourcecode.c.objc; path = AppDelegate.m; sourceTree = "<group>"; };
		6531D9381A674E9900EFC001 /* main.m */ = {isa = PBXFileReference; lastKnownFileType = sourcecode.c.objc; path = main.m; sourceTree = "<group>"; };
		6531D93A1A674E9900EFC001 /* ViewController.h */ = {isa = PBXFileReference; lastKnownFileType = sourcecode.c.h; path = ViewController.h; sourceTree = "<group>"; };
		6531D93B1A674E9900EFC001 /* ViewController.m */ = {isa = PBXFileReference; lastKnownFileType = sourcecode.c.objc; path = ViewController.m; sourceTree = "<group>"; };
		6531D93D1A674E9900EFC001 /* Images.xcassets */ = {isa = PBXFileReference; lastKnownFileType = folder.assetcatalog; path = Images.xcassets; sourceTree = "<group>"; };
		6531D9401A674E9900EFC001 /* Base */ = {isa = PBXFileReference; lastKnownFileType = file.storyboard; name = Base; path = Base.lproj/Main.storyboard; sourceTree = "<group>"; };
		6531D9461A674E9900EFC001 /* Uni Zawgyi ConverterTests.xctest */ = {isa = PBXFileReference; explicitFileType = wrapper.cfbundle; includeInIndex = 0; path = "Uni Zawgyi ConverterTests.xctest"; sourceTree = BUILT_PRODUCTS_DIR; };
		6531D94B1A674E9900EFC001 /* Info.plist */ = {isa = PBXFileReference; lastKnownFileType = text.plist.xml; path = Info.plist; sourceTree = "<group>"; };
		6531D94C1A674E9900EFC001 /* Uni_Zawgyi_ConverterTests.m */ = {isa = PBXFileReference; lastKnownFileType = sourcecode.c.objc; path = Uni_Zawgyi_ConverterTests.m; sourceTree = "<group>"; };
		6592454F1A67524100A2EE89 /* JavaScriptCore.framework */ = {isa = PBXFileReference; lastKnownFileType = wrapper.framework; name = JavaScriptCore.framework; path = System/Library/Frameworks/JavaScriptCore.framework; sourceTree = SDKROOT; };
		659245511A67542800A2EE89 /* mon3.ttf */ = {isa = PBXFileReference; lastKnownFileType = file; path = mon3.ttf; sourceTree = "<group>"; };
		659245521A67542800A2EE89 /* zawgyi.ttf */ = {isa = PBXFileReference; lastKnownFileType = file; path = zawgyi.ttf; sourceTree = "<group>"; };
		6597F27A1A68A79500B10A55 /* parabaik.h */ = {isa = PBXFileReference; fileEncoding = 4; lastKnownFileType = sourcecode.c.h; path = parabaik.h; sourceTree = "<group>"; };
		6597F27B1A68A79500B10A55 /* parabaik.m */ = {isa = PBXFileReference; fileEncoding = 4; lastKnownFileType = sourcecode.c.objc; path = parabaik.m; sourceTree = "<group>"; };
		6597F27C1A68A79500B10A55 /* uni512zg1.js */ = {isa = PBXFileReference; fileEncoding = 4; lastKnownFileType = sourcecode.javascript; path = uni512zg1.js; sourceTree = "<group>"; };
		6597F27D1A68A79500B10A55 /* zg12uni51.js */ = {isa = PBXFileReference; fileEncoding = 4; lastKnownFileType = sourcecode.javascript; path = zg12uni51.js; sourceTree = "<group>"; };
/* End PBXFileReference section */

/* Begin PBXFrameworksBuildPhase section */
		6531D92D1A674E9900EFC001 /* Frameworks */ = {
			isa = PBXFrameworksBuildPhase;
			buildActionMask = 2147483647;
			files = (
				659245501A67524100A2EE89 /* JavaScriptCore.framework in Frameworks */,
			);
			runOnlyForDeploymentPostprocessing = 0;
		};
		6531D9431A674E9900EFC001 /* Frameworks */ = {
			isa = PBXFrameworksBuildPhase;
			buildActionMask = 2147483647;
			files = (
			);
			runOnlyForDeploymentPostprocessing = 0;
		};
/* End PBXFrameworksBuildPhase section */

/* Begin PBXGroup section */
		6531D9271A674E9900EFC001 = {
			isa = PBXGroup;
			children = (
				659245511A67542800A2EE89 /* mon3.ttf */,
				659245521A67542800A2EE89 /* zawgyi.ttf */,
				6592454F1A67524100A2EE89 /* JavaScriptCore.framework */,
				6531D9321A674E9900EFC001 /* Uni Zawgyi Converter */,
				6531D9491A674E9900EFC001 /* Uni Zawgyi ConverterTests */,
				6531D9311A674E9900EFC001 /* Products */,
			);
			sourceTree = "<group>";
		};
		6531D9311A674E9900EFC001 /* Products */ = {
			isa = PBXGroup;
			children = (
				6531D9301A674E9900EFC001 /* UniZg Converter.app */,
				6531D9461A674E9900EFC001 /* Uni Zawgyi ConverterTests.xctest */,
			);
			name = Products;
			sourceTree = "<group>";
		};
		6531D9321A674E9900EFC001 /* Uni Zawgyi Converter */ = {
			isa = PBXGroup;
			children = (
				6597F2791A68A79500B10A55 /* parabaik */,
				6531D9351A674E9900EFC001 /* AppDelegate.h */,
				6531D9361A674E9900EFC001 /* AppDelegate.m */,
				6531D93A1A674E9900EFC001 /* ViewController.h */,
				6531D93B1A674E9900EFC001 /* ViewController.m */,
				6531D93D1A674E9900EFC001 /* Images.xcassets */,
				6531D93F1A674E9900EFC001 /* Main.storyboard */,
				6531D9331A674E9900EFC001 /* Supporting Files */,
			);
			path = "Uni Zawgyi Converter";
			sourceTree = "<group>";
		};
		6531D9331A674E9900EFC001 /* Supporting Files */ = {
			isa = PBXGroup;
			children = (
				6531D9341A674E9900EFC001 /* Info.plist */,
				6531D9381A674E9900EFC001 /* main.m */,
			);
			name = "Supporting Files";
			sourceTree = "<group>";
		};
		6531D9491A674E9900EFC001 /* Uni Zawgyi ConverterTests */ = {
			isa = PBXGroup;
			children = (
				6531D94C1A674E9900EFC001 /* Uni_Zawgyi_ConverterTests.m */,
				6531D94A1A674E9900EFC001 /* Supporting Files */,
			);
			path = "Uni Zawgyi ConverterTests";
			sourceTree = "<group>";
		};
		6531D94A1A674E9900EFC001 /* Supporting Files */ = {
			isa = PBXGroup;
			children = (
				6531D94B1A674E9900EFC001 /* Info.plist */,
			);
			name = "Supporting Files";
			sourceTree = "<group>";
		};
		6597F2791A68A79500B10A55 /* parabaik */ = {
			isa = PBXGroup;
			children = (
				6597F27A1A68A79500B10A55 /* parabaik.h */,
				6597F27B1A68A79500B10A55 /* parabaik.m */,
				6597F27C1A68A79500B10A55 /* uni512zg1.js */,
				6597F27D1A68A79500B10A55 /* zg12uni51.js */,
			);
			path = parabaik;
			sourceTree = "<group>";
		};
/* End PBXGroup section */

/* Begin PBXNativeTarget section */
		6531D92F1A674E9900EFC001 /* UniZg Converter */ = {
			isa = PBXNativeTarget;
			buildConfigurationList = 6531D9501A674E9900EFC001 /* Build configuration list for PBXNativeTarget "UniZg Converter" */;
			buildPhases = (
				6531D92C1A674E9900EFC001 /* Sources */,
				6531D92D1A674E9900EFC001 /* Frameworks */,
				6531D92E1A674E9900EFC001 /* Resources */,
			);
			buildRules = (
			);
			dependencies = (
			);
			name = "UniZg Converter";
			productName = "Uni Zawgyi Converter";
			productReference = 6531D9301A674E9900EFC001 /* UniZg Converter.app */;
			productType = "com.apple.product-type.application";
		};
		6531D9451A674E9900EFC001 /* Uni Zawgyi ConverterTests */ = {
			isa = PBXNativeTarget;
			buildConfigurationList = 6531D9531A674E9900EFC001 /* Build configuration list for PBXNativeTarget "Uni Zawgyi ConverterTests" */;
			buildPhases = (
				6531D9421A674E9900EFC001 /* Sources */,
				6531D9431A674E9900EFC001 /* Frameworks */,
				6531D9441A674E9900EFC001 /* Resources */,
			);
			buildRules = (
			);
			dependencies = (
				6531D9481A674E9900EFC001 /* PBXTargetDependency */,
			);
			name = "Uni Zawgyi ConverterTests";
			productName = "Uni Zawgyi ConverterTests";
			productReference = 6531D9461A674E9900EFC001 /* Uni Zawgyi ConverterTests.xctest */;
			productType = "com.apple.product-type.bundle.unit-test";
		};
/* End PBXNativeTarget section */

/* Begin PBXProject section */
		6531D9281A674E9900EFC001 /* Project object */ = {
			isa = PBXProject;
			attributes = {
				LastUpgradeCheck = 0610;
				ORGANIZATIONNAME = comquas;
				TargetAttributes = {
					6531D92F1A674E9900EFC001 = {
						CreatedOnToolsVersion = 6.1.1;
					};
					6531D9451A674E9900EFC001 = {
						CreatedOnToolsVersion = 6.1.1;
						TestTargetID = 6531D92F1A674E9900EFC001;
					};
				};
			};
			buildConfigurationList = 6531D92B1A674E9900EFC001 /* Build configuration list for PBXProject "Uni Zawgyi Converter" */;
			compatibilityVersion = "Xcode 3.2";
			developmentRegion = English;
			hasScannedForEncodings = 0;
			knownRegions = (
				en,
				Base,
			);
			mainGroup = 6531D9271A674E9900EFC001;
			productRefGroup = 6531D9311A674E9900EFC001 /* Products */;
			projectDirPath = "";
			projectRoot = "";
			targets = (
				6531D92F1A674E9900EFC001 /* UniZg Converter */,
				6531D9451A674E9900EFC001 /* Uni Zawgyi ConverterTests */,
			);
		};
/* End PBXProject section */

/* Begin PBXResourcesBuildPhase section */
		6531D92E1A674E9900EFC001 /* Resources */ = {
			isa = PBXResourcesBuildPhase;
			buildActionMask = 2147483647;
			files = (
				659245531A67542800A2EE89 /* mon3.ttf in Resources */,
				659245541A67542800A2EE89 /* zawgyi.ttf in Resources */,
				6531D93E1A674E9900EFC001 /* Images.xcassets in Resources */,
				6597F2801A68A79500B10A55 /* zg12uni51.js in Resources */,
				6597F27F1A68A79500B10A55 /* uni512zg1.js in Resources */,
				6531D9411A674E9900EFC001 /* Main.storyboard in Resources */,
			);
			runOnlyForDeploymentPostprocessing = 0;
		};
		6531D9441A674E9900EFC001 /* Resources */ = {
			isa = PBXResourcesBuildPhase;
			buildActionMask = 2147483647;
			files = (
			);
			runOnlyForDeploymentPostprocessing = 0;
		};
/* End PBXResourcesBuildPhase section */

/* Begin PBXSourcesBuildPhase section */
		6531D92C1A674E9900EFC001 /* Sources */ = {
			isa = PBXSourcesBuildPhase;
			buildActionMask = 2147483647;
			files = (
				6597F27E1A68A79500B10A55 /* parabaik.m in Sources */,
				6531D93C1A674E9900EFC001 /* ViewController.m in Sources */,
				6531D9391A674E9900EFC001 /* main.m in Sources */,
				6531D9371A674E9900EFC001 /* AppDelegate.m in Sources */,
			);
			runOnlyForDeploymentPostprocessing = 0;
		};
		6531D9421A674E9900EFC001 /* Sources */ = {
			isa = PBXSourcesBuildPhase;
			buildActionMask = 2147483647;
			files = (
				6531D94D1A674E9900EFC001 /* Uni_Zawgyi_ConverterTests.m in Sources */,
			);
			runOnlyForDeploymentPostprocessing = 0;
		};
/* End PBXSourcesBuildPhase section */

/* Begin PBXTargetDependency section */
		6531D9481A674E9900EFC001 /* PBXTargetDependency */ = {
			isa = PBXTargetDependency;
			target = 6531D92F1A674E9900EFC001 /* UniZg Converter */;
			targetProxy = 6531D9471A674E9900EFC001 /* PBXContainerItemProxy */;
		};
/* End PBXTargetDependency section */

/* Begin PBXVariantGroup section */
		6531D93F1A674E9900EFC001 /* Main.storyboard */ = {
			isa = PBXVariantGroup;
			children = (
				6531D9401A674E9900EFC001 /* Base */,
			);
			name = Main.storyboard;
			sourceTree = "<group>";
		};
/* End PBXVariantGroup section */

/* Begin XCBuildConfiguration section */
		6531D94E1A674E9900EFC001 /* Debug */ = {
			isa = XCBuildConfiguration;
			buildSettings = {
				ALWAYS_SEARCH_USER_PATHS = NO;
				CLANG_CXX_LANGUAGE_STANDARD = "gnu++0x";
				CLANG_CXX_LIBRARY = "libc++";
				CLANG_ENABLE_MODULES = YES;
				CLANG_ENABLE_OBJC_ARC = YES;
				CLANG_WARN_BOOL_CONVERSION = YES;
				CLANG_WARN_CONSTANT_CONVERSION = YES;
				CLANG_WARN_DIRECT_OBJC_ISA_USAGE = YES_ERROR;
				CLANG_WARN_EMPTY_BODY = YES;
				CLANG_WARN_ENUM_CONVERSION = YES;
				CLANG_WARN_INT_CONVERSION = YES;
				CLANG_WARN_OBJC_ROOT_CLASS = YES_ERROR;
				CLANG_WARN_UNREACHABLE_CODE = YES;
				CLANG_WARN__DUPLICATE_METHOD_MATCH = YES;
				CODE_SIGN_IDENTITY = "-";
				COPY_PHASE_STRIP = NO;
				ENABLE_STRICT_OBJC_MSGSEND = YES;
				GCC_C_LANGUAGE_STANDARD = gnu99;
				GCC_DYNAMIC_NO_PIC = NO;
				GCC_OPTIMIZATION_LEVEL = 0;
				GCC_PREPROCESSOR_DEFINITIONS = (
					"DEBUG=1",
					"$(inherited)",
				);
				GCC_SYMBOLS_PRIVATE_EXTERN = NO;
				GCC_WARN_64_TO_32_BIT_CONVERSION = YES;
				GCC_WARN_ABOUT_RETURN_TYPE = YES_ERROR;
				GCC_WARN_UNDECLARED_SELECTOR = YES;
				GCC_WARN_UNINITIALIZED_AUTOS = YES_AGGRESSIVE;
				GCC_WARN_UNUSED_FUNCTION = YES;
				GCC_WARN_UNUSED_VARIABLE = YES;
				MACOSX_DEPLOYMENT_TARGET = 10.10;
				MTL_ENABLE_DEBUG_INFO = YES;
				ONLY_ACTIVE_ARCH = YES;
				SDKROOT = macosx;
			};
			name = Debug;
		};
		6531D94F1A674E9900EFC001 /* Release */ = {
			isa = XCBuildConfiguration;
			buildSettings = {
				ALWAYS_SEARCH_USER_PATHS = NO;
				CLANG_CXX_LANGUAGE_STANDARD = "gnu++0x";
				CLANG_CXX_LIBRARY = "libc++";
				CLANG_ENABLE_MODULES = YES;
				CLANG_ENABLE_OBJC_ARC = YES;
				CLANG_WARN_BOOL_CONVERSION = YES;
				CLANG_WARN_CONSTANT_CONVERSION = YES;
				CLANG_WARN_DIRECT_OBJC_ISA_USAGE = YES_ERROR;
				CLANG_WARN_EMPTY_BODY = YES;
				CLANG_WARN_ENUM_CONVERSION = YES;
				CLANG_WARN_INT_CONVERSION = YES;
				CLANG_WARN_OBJC_ROOT_CLASS = YES_ERROR;
				CLANG_WARN_UNREACHABLE_CODE = YES;
				CLANG_WARN__DUPLICATE_METHOD_MATCH = YES;
				CODE_SIGN_IDENTITY = "-";
				COPY_PHASE_STRIP = YES;
				DEBUG_INFORMATION_FORMAT = "dwarf-with-dsym";
				ENABLE_NS_ASSERTIONS = NO;
				ENABLE_STRICT_OBJC_MSGSEND = YES;
				GCC_C_LANGUAGE_STANDARD = gnu99;
				GCC_WARN_64_TO_32_BIT_CONVERSION = YES;
				GCC_WARN_ABOUT_RETURN_TYPE = YES_ERROR;
				GCC_WARN_UNDECLARED_SELECTOR = YES;
				GCC_WARN_UNINITIALIZED_AUTOS = YES_AGGRESSIVE;
				GCC_WARN_UNUSED_FUNCTION = YES;
				GCC_WARN_UNUSED_VARIABLE = YES;
				MACOSX_DEPLOYMENT_TARGET = 10.10;
				MTL_ENABLE_DEBUG_INFO = NO;
				SDKROOT = macosx;
			};
			name = Release;
		};
		6531D9511A674E9900EFC001 /* Debug */ = {
			isa = XCBuildConfiguration;
			buildSettings = {
				ASSETCATALOG_COMPILER_APPICON_NAME = AppIcon;
				COMBINE_HIDPI_IMAGES = YES;
				INFOPLIST_FILE = "Uni Zawgyi Converter/Info.plist";
				LD_RUNPATH_SEARCH_PATHS = "$(inherited) @executable_path/../Frameworks";
				MACOSX_DEPLOYMENT_TARGET = 10.9;
				PRODUCT_NAME = "$(TARGET_NAME)";
			};
			name = Debug;
		};
		6531D9521A674E9900EFC001 /* Release */ = {
			isa = XCBuildConfiguration;
			buildSettings = {
				ASSETCATALOG_COMPILER_APPICON_NAME = AppIcon;
				COMBINE_HIDPI_IMAGES = YES;
				INFOPLIST_FILE = "Uni Zawgyi Converter/Info.plist";
				LD_RUNPATH_SEARCH_PATHS = "$(inherited) @executable_path/../Frameworks";
				MACOSX_DEPLOYMENT_TARGET = 10.9;
				PRODUCT_NAME = "$(TARGET_NAME)";
			};
			name = Release;
		};
		6531D9541A674E9900EFC001 /* Debug */ = {
			isa = XCBuildConfiguration;
			buildSettings = {
				BUNDLE_LOADER = "$(TEST_HOST)";
				COMBINE_HIDPI_IMAGES = YES;
				FRAMEWORK_SEARCH_PATHS = (
					"$(DEVELOPER_FRAMEWORKS_DIR)",
					"$(inherited)",
				);
				GCC_PREPROCESSOR_DEFINITIONS = (
					"DEBUG=1",
					"$(inherited)",
				);
				INFOPLIST_FILE = "Uni Zawgyi ConverterTests/Info.plist";
				LD_RUNPATH_SEARCH_PATHS = "$(inherited) @executable_path/../Frameworks @loader_path/../Frameworks";
				PRODUCT_NAME = "$(TARGET_NAME)";
				TEST_HOST = "$(BUILT_PRODUCTS_DIR)/Uni Zawgyi Converter.app/Contents/MacOS/Uni Zawgyi Converter";
			};
			name = Debug;
		};
		6531D9551A674E9900EFC001 /* Release */ = {
			isa = XCBuildConfiguration;
			buildSettings = {
				BUNDLE_LOADER = "$(TEST_HOST)";
				COMBINE_HIDPI_IMAGES = YES;
				FRAMEWORK_SEARCH_PATHS = (
					"$(DEVELOPER_FRAMEWORKS_DIR)",
					"$(inherited)",
				);
				INFOPLIST_FILE = "Uni Zawgyi ConverterTests/Info.plist";
				LD_RUNPATH_SEARCH_PATHS = "$(inherited) @executable_path/../Frameworks @loader_path/../Frameworks";
				PRODUCT_NAME = "$(TARGET_NAME)";
				TEST_HOST = "$(BUILT_PRODUCTS_DIR)/Uni Zawgyi Converter.app/Contents/MacOS/Uni Zawgyi Converter";
			};
			name = Release;
		};
/* End XCBuildConfiguration section */

/* Begin XCConfigurationList section */
		6531D92B1A674E9900EFC001 /* Build configuration list for PBXProject "Uni Zawgyi Converter" */ = {
			isa = XCConfigurationList;
			buildConfigurations = (
				6531D94E1A674E9900EFC001 /* Debug */,
				6531D94F1A674E9900EFC001 /* Release */,
			);
			defaultConfigurationIsVisible = 0;
			defaultConfigurationName = Release;
		};
		6531D9501A674E9900EFC001 /* Build configuration list for PBXNativeTarget "UniZg Converter" */ = {
			isa = XCConfigurationList;
			buildConfigurations = (
				6531D9511A674E9900EFC001 /* Debug */,
				6531D9521A674E9900EFC001 /* Release */,
			);
			defaultConfigurationIsVisible = 0;
			defaultConfigurationName = Release;
		};
		6531D9531A674E9900EFC001 /* Build configuration list for PBXNativeTarget "Uni Zawgyi ConverterTests" */ = {
			isa = XCConfigurationList;
			buildConfigurations = (
				6531D9541A674E9900EFC001 /* Debug */,
				6531D9551A674E9900EFC001 /* Release */,
			);
			defaultConfigurationIsVisible = 0;
			defaultConfigurationName = Release;
		};
/* End XCConfigurationList section */
	};
	rootObject = 6531D9281A674E9900EFC001 /* Project object */;
}
